PODS:
  - AFNetworking (3.2.1):
    - AFNetworking/NSURLSession (= 3.2.1)
    - AFNetworking/Reachability (= 3.2.1)
    - AFNetworking/Security (= 3.2.1)
    - AFNetworking/Serialization (= 3.2.1)
    - AFNetworking/UIKit (= 3.2.1)
  - AFNetworking/NSURLSession (3.2.1):
    - AFNetworking/Reachability
    - AFNetworking/Security
    - AFNetworking/Serialization
  - AFNetworking/Reachability (3.2.1)
  - AFNetworking/Security (3.2.1)
  - AFNetworking/Serialization (3.2.1)
  - AFNetworking/UIKit (3.2.1):
    - AFNetworking/NSURLSession
  - BaiduMapKit (4.2.0)
  - BMKLocationKit (1.3.0.2)
  - CocoaLumberjack (3.4.2):
    - CocoaLumberjack/Default (= 3.4.2)
    - CocoaLumberjack/Extensions (= 3.4.2)
  - CocoaLumberjack/Default (3.4.2)
  - CocoaLumberjack/Extensions (3.4.2):
    - CocoaLumberjack/Default
  - FMDB (2.7.5):
    - FMDB/standard (= 2.7.5)
  - FMDB/standard (2.7.5)
  - GPUImage (0.1.7)
  - IQKeyboardManager (6.2.0)
  - JCore (1.2.5)
  - JMessage (3.7.0):
    - JCore (~> 1.0)
  - JPush (3.1.0):
    - JCore (~> 1.2.0)
  - JSONModel (1.8.0)
  - LBXScan/LBXNative (2.3):
    - LBXScan/Types (~> 2.2)
  - LBXScan/Types (2.3)
  - LBXScan/UI (2.3):
    - LBXScan/Types (~> 2.2)
  - LXReorderableCollectionViewFlowLayout (0.2.1)
  - Masonry (1.1.0)
  - MBProgressHUD (1.1.0)
  - MJExtension (3.0.15.1)
  - MJRefresh (3.1.15.7)
  - SDCycleScrollView (1.75):
    - SDWebImage (>= 4.0.0)
  - SDWebImage (4.4.2):
    - SDWebImage/Core (= 4.4.2)
  - SDWebImage/Core (4.4.2)
  - SVProgressHUD (2.2.5)
  - TTRangeSlider (1.0.6)
  - TZImagePickerController (3.1.2)
  - WechatOpenSDK (1.8.3)

DEPENDENCIES:
  - AFNetworking
  - BaiduMapKit
  - BMKLocationKit
  - CocoaLumberjack
  - FMDB
  - GPUImage (~> 0.1.7)
  - IQKeyboardManager
  - JMessage
  - JPush
  - JSONModel
  - LBXScan/LBXNative (~> 2.3)
  - LBXScan/UI (~> 2.3)
  - LXReorderableCollectionViewFlowLayout
  - Masonry
  - MBProgressHUD (~> 1.1.0)
  - MJExtension
  - MJRefresh
  - SDCycleScrollView
  - SDWebImage
  - SVProgressHUD
  - TTRangeSlider
  - TZImagePickerController
  - WechatOpenSDK

SPEC REPOS:
  https://github.com/cocoapods/specs.git:
    - AFNetworking
    - BaiduMapKit
    - BMKLocationKit
    - CocoaLumberjack
    - FMDB
    - GPUImage
    - IQKeyboardManager
    - JCore
    - JMessage
    - JPush
    - JSONModel
    - LBXScan
    - LXReorderableCollectionViewFlowLayout
    - Masonry
    - MBProgressHUD
    - MJExtension
    - MJRefresh
    - SDCycleScrollView
    - SDWebImage
    - SVProgressHUD
    - TTRangeSlider
    - TZImagePickerController
    - WechatOpenSDK

SPEC CHECKSUMS:
  AFNetworking: b6f891fdfaed196b46c7a83cf209e09697b94057
  BaiduMapKit: b6a8f31b3d2e4e5cad4084512a0d9a3878638272
  BMKLocationKit: 6c47273f985609be0a0785f2f6f12bb7c1b7e8b6
  CocoaLumberjack: db7cc9e464771f12054c22ff6947c5a58d43a0fd
  FMDB: 2ce00b547f966261cd18927a3ddb07cb6f3db82a
  GPUImage: 733a5f0fab92df9de1c37ba9df520a833ccb406d
  IQKeyboardManager: 6194101620b73af5e67900b8f89707a99de0b804
  JCore: 14706de2640b25fb77dbd02332696491407f37c9
  JMessage: 90c194ca878a1724694da320aad4867b489276e9
  JPush: 5921e25ad13e0386351079217b009f2039084eac
  JSONModel: 02ab723958366a3fd27da57ea2af2113658762e9
  LBXScan: e51449f0832d1fe17da632af0d22adeb3cfa3543
  LXReorderableCollectionViewFlowLayout: acd6fe9fd0800efc656266a345130a2f634abf85
  Masonry: 678fab65091a9290e40e2832a55e7ab731aad201
  MBProgressHUD: e7baa36a220447d8aeb12769bf0585582f3866d9
  MJExtension: 19bc33ce2eee2d319760f5622562cf581a6ff756
  MJRefresh: 697f8ec75ebdbe9207767bb682cf0f51b0d8a41f
  SDCycleScrollView: 884b88f0266dd4708a0e1934975c69cb971707b1
  SDWebImage: 624d6e296c69b244bcede364c72ae0430ac14681
  SVProgressHUD: 1428aafac632c1f86f62aa4243ec12008d7a51d6
  TTRangeSlider: 78188bea83f6471a06f75adbc88da5e990baeafe
  TZImagePickerController: 29b279caee3309cbaa04ef1384b036ec90297f3f
  WechatOpenSDK: 3117412f8aafde4758cac1e8d20b93c67cafcfef

PODFILE CHECKSUM: 34667b984c0accaeda27b534e035ae65de663c85

COCOAPODS: 1.5.3
